// !$*UTF8*$!
{
	archiveVersion = 1;
	classes = {
	};
	objectVersion = 77;
	objects = {

/* Begin PBXBuildFile section */
		CE9918642E7C4755005ADD05 /* MoviesData in Frameworks */ = {isa = PBXBuildFile; productRef = CE9918632E7C4755005ADD05 /* MoviesData */; };
		CE9918662E7C4759005ADD05 /* MoviesDesignSystem in Frameworks */ = {isa = PBXBuildFile; productRef = CE9918652E7C4759005ADD05 /* MoviesDesignSystem */; };
		CE9918682E7C475C005ADD05 /* MoviesDetails in Frameworks */ = {isa = PBXBuildFile; productRef = CE9918672E7C475C005ADD05 /* MoviesDetails */; };
		CE99186A2E7C476C005ADD05 /* MoviesDomain in Frameworks */ = {isa = PBXBuildFile; productRef = CE9918692E7C476C005ADD05 /* MoviesDomain */; };
		CE99186C2E7C476C005ADD05 /* MoviesFavorites in Frameworks */ = {isa = PBXBuildFile; productRef = CE99186B2E7C476C005ADD05 /* MoviesFavorites */; };
		CE99186E2E7C476C005ADD05 /* MoviesHome in Frameworks */ = {isa = PBXBuildFile; productRef = CE99186D2E7C476C005ADD05 /* MoviesHome */; };
		CE9918702E7C476C005ADD05 /* MoviesNavigation in Frameworks */ = {isa = PBXBuildFile; productRef = CE99186F2E7C476C005ADD05 /* MoviesNavigation */; };
		CE9918722E7C476C005ADD05 /* MoviesNetwork in Frameworks */ = {isa = PBXBuildFile; productRef = CE9918712E7C476C005ADD05 /* MoviesNetwork */; };
		CE9918742E7C476C005ADD05 /* MoviesSearch in Frameworks */ = {isa = PBXBuildFile; productRef = CE9918732E7C476C005ADD05 /* MoviesSearch */; };
		CE9918762E7C476C005ADD05 /* SharedModels in Frameworks */ = {isa = PBXBuildFile; productRef = CE9918752E7C476C005ADD05 /* SharedModels */; };
		CE9918782E7C476C005ADD05 /* AppLog in Frameworks */ = {isa = PBXBuildFile; productRef = CE9918772E7C476C005ADD05 /* AppLog */; };
		CE99187A2E7C476C005ADD05 /* DateUtilities in Frameworks */ = {isa = PBXBuildFile; productRef = CE9918792E7C476C005ADD05 /* DateUtilities */; };
/* End PBXBuildFile section */

/* Begin PBXContainerItemProxy section */
		CE1FCDA72E7C440D00983989 /* PBXContainerItemProxy */ = {
			isa = PBXContainerItemProxy;
			containerPortal = CE1FCD902E7C440B00983989 /* Project object */;
			proxyType = 1;
			remoteGlobalIDString = CE1FCD972E7C440B00983989;
			remoteInfo = Movies;
		};
		CE1FCDB12E7C440D00983989 /* PBXContainerItemProxy */ = {
			isa = PBXContainerItemProxy;
			containerPortal = CE1FCD902E7C440B00983989 /* Project object */;
			proxyType = 1;
			remoteGlobalIDString = CE1FCD972E7C440B00983989;
			remoteInfo = Movies;
		};
/* End PBXContainerItemProxy section */

/* Begin PBXFileReference section */
		CE1FCD982E7C440B00983989 /* Movies.app */ = {isa = PBXFileReference; explicitFileType = wrapper.application; includeInIndex = 0; path = Movies.app; sourceTree = BUILT_PRODUCTS_DIR; };
		CE1FCDA62E7C440D00983989 /* MoviesTests.xctest */ = {isa = PBXFileReference; explicitFileType = wrapper.cfbundle; includeInIndex = 0; path = MoviesTests.xctest; sourceTree = BUILT_PRODUCTS_DIR; };
		CE1FCDB02E7C440D00983989 /* MoviesUITests.xctest */ = {isa = PBXFileReference; explicitFileType = wrapper.cfbundle; includeInIndex = 0; path = MoviesUITests.xctest; sourceTree = BUILT_PRODUCTS_DIR; };
/* End PBXFileReference section */

/* Begin PBXFileSystemSynchronizedBuildFileExceptionSet section */
		CE9919082E7C48F3005ADD05 /* Exceptions for "Movies" folder in "Movies" target */ = {
			isa = PBXFileSystemSynchronizedBuildFileExceptionSet;
			membershipExceptions = (
				Info.plist,
			);
			target = CE1FCD972E7C440B00983989 /* Movies */;
		};
/* End PBXFileSystemSynchronizedBuildFileExceptionSet section */

/* Begin PBXFileSystemSynchronizedRootGroup section */
		CE1FCD9A2E7C440B00983989 /* Movies */ = {
			isa = PBXFileSystemSynchronizedRootGroup;
			exceptions = (
				CE9919082E7C48F3005ADD05 /* Exceptions for "Movies" folder in "Movies" target */,
			);
			path = Movies;
			sourceTree = "<group>";
		};
		CE1FCDA92E7C440D00983989 /* MoviesTests */ = {
			isa = PBXFileSystemSynchronizedRootGroup;
			path = MoviesTests;
			sourceTree = "<group>";
		};
		CE1FCDB32E7C440D00983989 /* MoviesUITests */ = {
			isa = PBXFileSystemSynchronizedRootGroup;
			path = MoviesUITests;
			sourceTree = "<group>";
		};
		CE9918F42E7C48B6005ADD05 /* Core */ = {
			isa = PBXFileSystemSynchronizedRootGroup;
			name = Core;
			path = ../Packages/Core;
			sourceTree = SOURCE_ROOT;
		};
		CE9918F92E7C48B6005ADD05 /* Features */ = {
			isa = PBXFileSystemSynchronizedRootGroup;
			name = Features;
			path = ../Packages/Features;
			sourceTree = SOURCE_ROOT;
		};
/* End PBXFileSystemSynchronizedRootGroup section */

/* Begin PBXFrameworksBuildPhase section */
		CE1FCD952E7C440B00983989 /* Frameworks */ = {
			isa = PBXFrameworksBuildPhase;
			buildActionMask = 2147483647;
			files = (
				CE99186C2E7C476C005ADD05 /* MoviesFavorites in Frameworks */,
				CE9918762E7C476C005ADD05 /* SharedModels in Frameworks */,
				CE9918702E7C476C005ADD05 /* MoviesNavigation in Frameworks */,
				CE99187A2E7C476C005ADD05 /* DateUtilities in Frameworks */,
				CE9918722E7C476C005ADD05 /* MoviesNetwork in Frameworks */,
				CE9918782E7C476C005ADD05 /* AppLog in Frameworks */,
				CE9918682E7C475C005ADD05 /* MoviesDetails in Frameworks */,
				CE9918742E7C476C005ADD05 /* MoviesSearch in Frameworks */,
				CE9918662E7C4759005ADD05 /* MoviesDesignSystem in Frameworks */,
				CE9918642E7C4755005ADD05 /* MoviesData in Frameworks */,
				CE99186E2E7C476C005ADD05 /* MoviesHome in Frameworks */,
				CE99186A2E7C476C005ADD05 /* MoviesDomain in Frameworks */,
			);
			runOnlyForDeploymentPostprocessing = 0;
		};
		CE1FCDA32E7C440D00983989 /* Frameworks */ = {
			isa = PBXFrameworksBuildPhase;
			buildActionMask = 2147483647;
			files = (
			);
			runOnlyForDeploymentPostprocessing = 0;
		};
		CE1FCDAD2E7C440D00983989 /* Frameworks */ = {
			isa = PBXFrameworksBuildPhase;
			buildActionMask = 2147483647;
			files = (
			);
			runOnlyForDeploymentPostprocessing = 0;
		};
/* End PBXFrameworksBuildPhase section */

/* Begin PBXGroup section */
		CE1FCD8F2E7C440B00983989 = {
			isa = PBXGroup;
			children = (
				CE1FCD9A2E7C440B00983989 /* Movies */,
				CE1FCDA92E7C440D00983989 /* MoviesTests */,
				CE1FCDB32E7C440D00983989 /* MoviesUITests */,
				CE9918622E7C4755005ADD05 /* Frameworks */,
				CE9918F42E7C48B6005ADD05 /* Core */,
				CE9918F92E7C48B6005ADD05 /* Features */,
				CE1FCD992E7C440B00983989 /* Products */,
			);
			sourceTree = "<group>";
		};
		CE1FCD992E7C440B00983989 /* Products */ = {
			isa = PBXGroup;
			children = (
				CE1FCD982E7C440B00983989 /* Movies.app */,
				CE1FCDA62E7C440D00983989 /* MoviesTests.xctest */,
				CE1FCDB02E7C440D00983989 /* MoviesUITests.xctest */,
			);
			name = Products;
			sourceTree = "<group>";
		};
		CE9918622E7C4755005ADD05 /* Frameworks */ = {
			isa = PBXGroup;
			children = (
			);
			name = Frameworks;
			sourceTree = "<group>";
		};
/* End PBXGroup section */

/* Begin PBXNativeTarget section */
		CE1FCD972E7C440B00983989 /* Movies */ = {
			isa = PBXNativeTarget;
			buildConfigurationList = CE1FCDBA2E7C440D00983989 /* Build configuration list for PBXNativeTarget "Movies" */;
			buildPhases = (
				CE1FCD942E7C440B00983989 /* Sources */,
				CE1FCD952E7C440B00983989 /* Frameworks */,
				CE1FCD962E7C440B00983989 /* Resources */,
			);
			buildRules = (
			);
			dependencies = (
			);
			fileSystemSynchronizedGroups = (
				CE1FCD9A2E7C440B00983989 /* Movies */,
				CE9918F42E7C48B6005ADD05 /* Core */,
				CE9918F92E7C48B6005ADD05 /* Features */,
			);
			name = Movies;
			packageProductDependencies = (
				CE9918632E7C4755005ADD05 /* MoviesData */,
				CE9918652E7C4759005ADD05 /* MoviesDesignSystem */,
				CE9918672E7C475C005ADD05 /* MoviesDetails */,
				CE9918692E7C476C005ADD05 /* MoviesDomain */,
				CE99186B2E7C476C005ADD05 /* MoviesFavorites */,
				CE99186D2E7C476C005ADD05 /* MoviesHome */,
				CE99186F2E7C476C005ADD05 /* MoviesNavigation */,
				CE9918712E7C476C005ADD05 /* MoviesNetwork */,
				CE9918732E7C476C005ADD05 /* MoviesSearch */,
				CE9918752E7C476C005ADD05 /* SharedModels */,
				CE9918772E7C476C005ADD05 /* AppLog */,
				CE9918792E7C476C005ADD05 /* DateUtilities */,
			);
			productName = Movies;
			productReference = CE1FCD982E7C440B00983989 /* Movies.app */;
			productType = "com.apple.product-type.application";
		};
		CE1FCDA52E7C440D00983989 /* MoviesTests */ = {
			isa = PBXNativeTarget;
			buildConfigurationList = CE1FCDBD2E7C440D00983989 /* Build configuration list for PBXNativeTarget "MoviesTests" */;
			buildPhases = (
				CE1FCDA22E7C440D00983989 /* Sources */,
				CE1FCDA32E7C440D00983989 /* Frameworks */,
				CE1FCDA42E7C440D00983989 /* Resources */,
			);
			buildRules = (
			);
			dependencies = (
				CE1FCDA82E7C440D00983989 /* PBXTargetDependency */,
			);
			fileSystemSynchronizedGroups = (
				CE1FCDA92E7C440D00983989 /* MoviesTests */,
			);
			name = MoviesTests;
			packageProductDependencies = (
			);
			productName = MoviesTests;
			productReference = CE1FCDA62E7C440D00983989 /* MoviesTests.xctest */;
			productType = "com.apple.product-type.bundle.unit-test";
		};
		CE1FCDAF2E7C440D00983989 /* MoviesUITests */ = {
			isa = PBXNativeTarget;
			buildConfigurationList = CE1FCDC02E7C440D00983989 /* Build configuration list for PBXNativeTarget "MoviesUITests" */;
			buildPhases = (
				CE1FCDAC2E7C440D00983989 /* Sources */,
				CE1FCDAD2E7C440D00983989 /* Frameworks */,
				CE1FCDAE2E7C440D00983989 /* Resources */,
			);
			buildRules = (
			);
			dependencies = (
				CE1FCDB22E7C440D00983989 /* PBXTargetDependency */,
			);
			fileSystemSynchronizedGroups = (
				CE1FCDB32E7C440D00983989 /* MoviesUITests */,
			);
			name = MoviesUITests;
			packageProductDependencies = (
			);
			productName = MoviesUITests;
			productReference = CE1FCDB02E7C440D00983989 /* MoviesUITests.xctest */;
			productType = "com.apple.product-type.bundle.ui-testing";
		};
/* End PBXNativeTarget section */

/* Begin PBXProject section */
		CE1FCD902E7C440B00983989 /* Project object */ = {
			isa = PBXProject;
			attributes = {
				BuildIndependentTargetsInParallel = 1;
				LastSwiftUpdateCheck = 1640;
				LastUpgradeCheck = 1640;
				TargetAttributes = {
					CE1FCD972E7C440B00983989 = {
						CreatedOnToolsVersion = 16.4;
					};
					CE1FCDA52E7C440D00983989 = {
						CreatedOnToolsVersion = 16.4;
						TestTargetID = CE1FCD972E7C440B00983989;
					};
					CE1FCDAF2E7C440D00983989 = {
						CreatedOnToolsVersion = 16.4;
						TestTargetID = CE1FCD972E7C440B00983989;
					};
				};
			};
			buildConfigurationList = CE1FCD932E7C440B00983989 /* Build configuration list for PBXProject "Movies" */;
			developmentRegion = en;
			hasScannedForEncodings = 0;
			knownRegions = (
				en,
				Base,
			);
			mainGroup = CE1FCD8F2E7C440B00983989;
			minimizedProjectReferenceProxies = 1;
			preferredProjectObjectVersion = 77;
			productRefGroup = CE1FCD992E7C440B00983989 /* Products */;
			projectDirPath = "";
			projectRoot = "";
			targets = (
				CE1FCD972E7C440B00983989 /* Movies */,
				CE1FCDA52E7C440D00983989 /* MoviesTests */,
				CE1FCDAF2E7C440D00983989 /* MoviesUITests */,
			);
		};
/* End PBXProject section */

/* Begin PBXResourcesBuildPhase section */
		CE1FCD962E7C440B00983989 /* Resources */ = {
			isa = PBXResourcesBuildPhase;
			buildActionMask = 2147483647;
			files = (
			);
			runOnlyForDeploymentPostprocessing = 0;
		};
		CE1FCDA42E7C440D00983989 /* Resources */ = {
			isa = PBXResourcesBuildPhase;
			buildActionMask = 2147483647;
			files = (
			);
			runOnlyForDeploymentPostprocessing = 0;
		};
		CE1FCDAE2E7C440D00983989 /* Resources */ = {
			isa = PBXResourcesBuildPhase;
			buildActionMask = 2147483647;
			files = (
			);
			runOnlyForDeploymentPostprocessing = 0;
		};
/* End PBXResourcesBuildPhase section */

/* Begin PBXSourcesBuildPhase section */
		CE1FCD942E7C440B00983989 /* Sources */ = {
			isa = PBXSourcesBuildPhase;
			buildActionMask = 2147483647;
			files = (
			);
			runOnlyForDeploymentPostprocessing = 0;
		};
		CE1FCDA22E7C440D00983989 /* Sources */ = {
			isa = PBXSourcesBuildPhase;
			buildActionMask = 2147483647;
			files = (
			);
			runOnlyForDeploymentPostprocessing = 0;
		};
		CE1FCDAC2E7C440D00983989 /* Sources */ = {
			isa = PBXSourcesBuildPhase;
			buildActionMask = 2147483647;
			files = (
			);
			runOnlyForDeploymentPostprocessing = 0;
		};
/* End PBXSourcesBuildPhase section */

/* Begin PBXTargetDependency section */
		CE1FCDA82E7C440D00983989 /* PBXTargetDependency */ = {
			isa = PBXTargetDependency;
			target = CE1FCD972E7C440B00983989 /* Movies */;
			targetProxy = CE1FCDA72E7C440D00983989 /* PBXContainerItemProxy */;
		};
		CE1FCDB22E7C440D00983989 /* PBXTargetDependency */ = {
			isa = PBXTargetDependency;
			target = CE1FCD972E7C440B00983989 /* Movies */;
			targetProxy = CE1FCDB12E7C440D00983989 /* PBXContainerItemProxy */;
		};
/* End PBXTargetDependency section */

/* Begin XCBuildConfiguration section */
		CE1FCDB82E7C440D00983989 /* Debug */ = {
			isa = XCBuildConfiguration;
			buildSettings = {
				ALWAYS_SEARCH_USER_PATHS = NO;
				ASSETCATALOG_COMPILER_GENERATE_SWIFT_ASSET_SYMBOL_EXTENSIONS = YES;
				CLANG_ANALYZER_NONNULL = YES;
				CLANG_ANALYZER_NUMBER_OBJECT_CONVERSION = YES_AGGRESSIVE;
				CLANG_CXX_LANGUAGE_STANDARD = "gnu++20";
				CLANG_ENABLE_MODULES = YES;
				CLANG_ENABLE_OBJC_ARC = YES;
				CLANG_ENABLE_OBJC_WEAK = YES;
				CLANG_WARN_BLOCK_CAPTURE_AUTORELEASING = YES;
				CLANG_WARN_BOOL_CONVERSION = YES;
				CLANG_WARN_COMMA = YES;
				CLANG_WARN_CONSTANT_CONVERSION = YES;
				CLANG_WARN_DEPRECATED_OBJC_IMPLEMENTATIONS = YES;
				CLANG_WARN_DIRECT_OBJC_ISA_USAGE = YES_ERROR;
				CLANG_WARN_DOCUMENTATION_COMMENTS = YES;
				CLANG_WARN_EMPTY_BODY = YES;
				CLANG_WARN_ENUM_CONVERSION = YES;
				CLANG_WARN_INFINITE_RECURSION = YES;
				CLANG_WARN_INT_CONVERSION = YES;
				CLANG_WARN_NON_LITERAL_NULL_CONVERSION = YES;
				CLANG_WARN_OBJC_IMPLICIT_RETAIN_SELF = YES;
				CLANG_WARN_OBJC_LITERAL_CONVERSION = YES;
				CLANG_WARN_OBJC_ROOT_CLASS = YES_ERROR;
				CLANG_WARN_QUOTED_INCLUDE_IN_FRAMEWORK_HEADER = YES;
				CLANG_WARN_RANGE_LOOP_ANALYSIS = YES;
				CLANG_WARN_STRICT_PROTOTYPES = YES;
				CLANG_WARN_SUSPICIOUS_MOVE = YES;
				CLANG_WARN_UNGUARDED_AVAILABILITY = YES_AGGRESSIVE;
				CLANG_WARN_UNREACHABLE_CODE = YES;
				CLANG_WARN__DUPLICATE_METHOD_MATCH = YES;
				COPY_PHASE_STRIP = NO;
				DEBUG_INFORMATION_FORMAT = dwarf;
				ENABLE_STRICT_OBJC_MSGSEND = YES;
				ENABLE_TESTABILITY = YES;
				ENABLE_USER_SCRIPT_SANDBOXING = YES;
				GCC_C_LANGUAGE_STANDARD = gnu17;
				GCC_DYNAMIC_NO_PIC = NO;
				GCC_NO_COMMON_BLOCKS = YES;
				GCC_OPTIMIZATION_LEVEL = 0;
				GCC_PREPROCESSOR_DEFINITIONS = (
					"DEBUG=1",
					"$(inherited)",
				);
				GCC_WARN_64_TO_32_BIT_CONVERSION = YES;
				GCC_WARN_ABOUT_RETURN_TYPE = YES_ERROR;
				GCC_WARN_UNDECLARED_SELECTOR = YES;
				GCC_WARN_UNINITIALIZED_AUTOS = YES_AGGRESSIVE;
				GCC_WARN_UNUSED_FUNCTION = YES;
				GCC_WARN_UNUSED_VARIABLE = YES;
				LOCALIZATION_PREFERS_STRING_CATALOGS = YES;
				MTL_ENABLE_DEBUG_INFO = INCLUDE_SOURCE;
				MTL_FAST_MATH = YES;
				ONLY_ACTIVE_ARCH = YES;
				SWIFT_ACTIVE_COMPILATION_CONDITIONS = "DEBUG $(inherited)";
				SWIFT_OPTIMIZATION_LEVEL = "-Onone";
			};
			name = Debug;
		};
		CE1FCDB92E7C440D00983989 /* Release */ = {
			isa = XCBuildConfiguration;
			buildSettings = {
				ALWAYS_SEARCH_USER_PATHS = NO;
				ASSETCATALOG_COMPILER_GENERATE_SWIFT_ASSET_SYMBOL_EXTENSIONS = YES;
				CLANG_ANALYZER_NONNULL = YES;
				CLANG_ANALYZER_NUMBER_OBJECT_CONVERSION = YES_AGGRESSIVE;
				CLANG_CXX_LANGUAGE_STANDARD = "gnu++20";
				CLANG_ENABLE_MODULES = YES;
				CLANG_ENABLE_OBJC_ARC = YES;
				CLANG_ENABLE_OBJC_WEAK = YES;
				CLANG_WARN_BLOCK_CAPTURE_AUTORELEASING = YES;
				CLANG_WARN_BOOL_CONVERSION = YES;
				CLANG_WARN_COMMA = YES;
				CLANG_WARN_CONSTANT_CONVERSION = YES;
				CLANG_WARN_DEPRECATED_OBJC_IMPLEMENTATIONS = YES;
				CLANG_WARN_DIRECT_OBJC_ISA_USAGE = YES_ERROR;
				CLANG_WARN_DOCUMENTATION_COMMENTS = YES;
				CLANG_WARN_EMPTY_BODY = YES;
				CLANG_WARN_ENUM_CONVERSION = YES;
				CLANG_WARN_INFINITE_RECURSION = YES;
				CLANG_WARN_INT_CONVERSION = YES;
				CLANG_WARN_NON_LITERAL_NULL_CONVERSION = YES;
				CLANG_WARN_OBJC_IMPLICIT_RETAIN_SELF = YES;
				CLANG_WARN_OBJC_LITERAL_CONVERSION = YES;
				CLANG_WARN_OBJC_ROOT_CLASS = YES_ERROR;
				CLANG_WARN_QUOTED_INCLUDE_IN_FRAMEWORK_HEADER = YES;
				CLANG_WARN_RANGE_LOOP_ANALYSIS = YES;
				CLANG_WARN_STRICT_PROTOTYPES = YES;
				CLANG_WARN_SUSPICIOUS_MOVE = YES;
				CLANG_WARN_UNGUARDED_AVAILABILITY = YES_AGGRESSIVE;
				CLANG_WARN_UNREACHABLE_CODE = YES;
				CLANG_WARN__DUPLICATE_METHOD_MATCH = YES;
				COPY_PHASE_STRIP = NO;
				DEBUG_INFORMATION_FORMAT = "dwarf-with-dsym";
				ENABLE_NS_ASSERTIONS = NO;
				ENABLE_STRICT_OBJC_MSGSEND = YES;
				ENABLE_USER_SCRIPT_SANDBOXING = YES;
				GCC_C_LANGUAGE_STANDARD = gnu17;
				GCC_NO_COMMON_BLOCKS = YES;
				GCC_WARN_64_TO_32_BIT_CONVERSION = YES;
				GCC_WARN_ABOUT_RETURN_TYPE = YES_ERROR;
				GCC_WARN_UNDECLARED_SELECTOR = YES;
				GCC_WARN_UNINITIALIZED_AUTOS = YES_AGGRESSIVE;
				GCC_WARN_UNUSED_FUNCTION = YES;
				GCC_WARN_UNUSED_VARIABLE = YES;
				LOCALIZATION_PREFERS_STRING_CATALOGS = YES;
				MTL_ENABLE_DEBUG_INFO = NO;
				MTL_FAST_MATH = YES;
				SWIFT_COMPILATION_MODE = wholemodule;
			};
			name = Release;
		};
		CE1FCDBB2E7C440D00983989 /* Debug */ = {
			isa = XCBuildConfiguration;
			buildSettings = {
				ASSETCATALOG_COMPILER_APPICON_NAME = AppIcon;
				ASSETCATALOG_COMPILER_GLOBAL_ACCENT_COLOR_NAME = AccentColor;
				CODE_SIGN_ENTITLEMENTS = Movies/Movies.entitlements;
				CODE_SIGN_STYLE = Automatic;
				CURRENT_PROJECT_VERSION = 1;
				ENABLE_PREVIEWS = YES;
				GENERATE_INFOPLIST_FILE = YES;
				INFOPLIST_FILE = Movies/Info.plist;
				"INFOPLIST_KEY_UIApplicationSceneManifest_Generation[sdk=iphoneos*]" = YES;
				"INFOPLIST_KEY_UIApplicationSceneManifest_Generation[sdk=iphonesimulator*]" = YES;
				"INFOPLIST_KEY_UIApplicationSupportsIndirectInputEvents[sdk=iphoneos*]" = YES;
				"INFOPLIST_KEY_UIApplicationSupportsIndirectInputEvents[sdk=iphonesimulator*]" = YES;
				"INFOPLIST_KEY_UILaunchScreen_Generation[sdk=iphoneos*]" = YES;
				"INFOPLIST_KEY_UILaunchScreen_Generation[sdk=iphonesimulator*]" = YES;
				"INFOPLIST_KEY_UIStatusBarStyle[sdk=iphoneos*]" = UIStatusBarStyleDefault;
				"INFOPLIST_KEY_UIStatusBarStyle[sdk=iphonesimulator*]" = UIStatusBarStyleDefault;
				INFOPLIST_KEY_UISupportedInterfaceOrientations_iPad = "UIInterfaceOrientationPortrait UIInterfaceOrientationPortraitUpsideDown UIInterfaceOrientationLandscapeLeft UIInterfaceOrientationLandscapeRight";
				INFOPLIST_KEY_UISupportedInterfaceOrientations_iPhone = "UIInterfaceOrientationPortrait UIInterfaceOrientationLandscapeLeft UIInterfaceOrientationLandscapeRight";
				IPHONEOS_DEPLOYMENT_TARGET = 17.0;
				LD_RUNPATH_SEARCH_PATHS = "@executable_path/Frameworks";
				"LD_RUNPATH_SEARCH_PATHS[sdk=macosx*]" = "@executable_path/../Frameworks";
				MACOSX_DEPLOYMENT_TARGET = 14.0;
				MARKETING_VERSION = 1.0;
				PRODUCT_BUNDLE_IDENTIFIER = com.team.Movies.Movies;
				PRODUCT_NAME = "$(TARGET_NAME)";
				REGISTER_APP_GROUPS = YES;
				SDKROOT = auto;
				SUPPORTED_PLATFORMS = "appletvos appletvsimulator iphoneos iphonesimulator macosx xros xrsimulator";
				SUPPORTS_MACCATALYST = NO;
				SWIFT_EMIT_LOC_STRINGS = YES;
				SWIFT_VERSION = 5.0;
				TARGETED_DEVICE_FAMILY = "1,2,3,7";
				TVOS_DEPLOYMENT_TARGET = 16.0;
				XROS_DEPLOYMENT_TARGET = 2.0;
			};
			name = Debug;
		};
		CE1FCDBC2E7C440D00983989 /* Release */ = {
			isa = XCBuildConfiguration;
			buildSettings = {
				ASSETCATALOG_COMPILER_APPICON_NAME = AppIcon;
				ASSETCATALOG_COMPILER_GLOBAL_ACCENT_COLOR_NAME = AccentColor;
				CODE_SIGN_ENTITLEMENTS = Movies/Movies.entitlements;
				CODE_SIGN_STYLE = Automatic;
				CURRENT_PROJECT_VERSION = 1;
				ENABLE_PREVIEWS = YES;
				GENERATE_INFOPLIST_FILE = YES;
				INFOPLIST_FILE = Movies/Info.plist;
				"INFOPLIST_KEY_UIApplicationSceneManifest_Generation[sdk=iphoneos*]" = YES;
				"INFOPLIST_KEY_UIApplicationSceneManifest_Generation[sdk=iphonesimulator*]" = YES;
				"INFOPLIST_KEY_UIApplicationSupportsIndirectInputEvents[sdk=iphoneos*]" = YES;
				"INFOPLIST_KEY_UIApplicationSupportsIndirectInputEvents[sdk=iphonesimulator*]" = YES;
				"INFOPLIST_KEY_UILaunchScreen_Generation[sdk=iphoneos*]" = YES;
				"INFOPLIST_KEY_UILaunchScreen_Generation[sdk=iphonesimulator*]" = YES;
				"INFOPLIST_KEY_UIStatusBarStyle[sdk=iphoneos*]" = UIStatusBarStyleDefault;
				"INFOPLIST_KEY_UIStatusBarStyle[sdk=iphonesimulator*]" = UIStatusBarStyleDefault;
				INFOPLIST_KEY_UISupportedInterfaceOrientations_iPad = "UIInterfaceOrientationPortrait UIInterfaceOrientationPortraitUpsideDown UIInterfaceOrientationLandscapeLeft UIInterfaceOrientationLandscapeRight";
				INFOPLIST_KEY_UISupportedInterfaceOrientations_iPhone = "UIInterfaceOrientationPortrait UIInterfaceOrientationLandscapeLeft UIInterfaceOrientationLandscapeRight";
				IPHONEOS_DEPLOYMENT_TARGET = 17.0;
				LD_RUNPATH_SEARCH_PATHS = "@executable_path/Frameworks";
				"LD_RUNPATH_SEARCH_PATHS[sdk=macosx*]" = "@executable_path/../Frameworks";
				MACOSX_DEPLOYMENT_TARGET = 14.0;
				MARKETING_VERSION = 1.0;
				PRODUCT_BUNDLE_IDENTIFIER = com.team.Movies.Movies;
				PRODUCT_NAME = "$(TARGET_NAME)";
				REGISTER_APP_GROUPS = YES;
				SDKROOT = auto;
				SUPPORTED_PLATFORMS = "appletvos appletvsimulator iphoneos iphonesimulator macosx xros xrsimulator";
				SUPPORTS_MACCATALYST = NO;
				SWIFT_EMIT_LOC_STRINGS = YES;
				SWIFT_VERSION = 5.0;
				TARGETED_DEVICE_FAMILY = "1,2,3,7";
				TVOS_DEPLOYMENT_TARGET = 16.0;
				XROS_DEPLOYMENT_TARGET = 2.0;
			};
			name = Release;
		};
		CE1FCDBE2E7C440D00983989 /* Debug */ = {
			isa = XCBuildConfiguration;
			buildSettings = {
				BUNDLE_LOADER = "$(TEST_HOST)";
				CODE_SIGN_STYLE = Automatic;
				CURRENT_PROJECT_VERSION = 1;
				GENERATE_INFOPLIST_FILE = YES;
				IPHONEOS_DEPLOYMENT_TARGET = 18.5;
				MACOSX_DEPLOYMENT_TARGET = 15.5;
				MARKETING_VERSION = 1.0;
				PRODUCT_BUNDLE_IDENTIFIER = com.team.Movies.MoviesTests;
				PRODUCT_NAME = "$(TARGET_NAME)";
				SDKROOT = auto;
				SUPPORTED_PLATFORMS = "iphoneos iphonesimulator macosx xros xrsimulator";
				SWIFT_EMIT_LOC_STRINGS = NO;
				SWIFT_VERSION = 5.0;
				TARGETED_DEVICE_FAMILY = "1,2,7";
				TEST_HOST = "$(BUILT_PRODUCTS_DIR)/Movies.app/$(BUNDLE_EXECUTABLE_FOLDER_PATH)/Movies";
				XROS_DEPLOYMENT_TARGET = 2.5;
			};
			name = Debug;
		};
		CE1FCDBF2E7C440D00983989 /* Release */ = {
			isa = XCBuildConfiguration;
			buildSettings = {
				BUNDLE_LOADER = "$(TEST_HOST)";
				CODE_SIGN_STYLE = Automatic;
				CURRENT_PROJECT_VERSION = 1;
				GENERATE_INFOPLIST_FILE = YES;
				IPHONEOS_DEPLOYMENT_TARGET = 18.5;
				MACOSX_DEPLOYMENT_TARGET = 15.5;
				MARKETING_VERSION = 1.0;
				PRODUCT_BUNDLE_IDENTIFIER = com.team.Movies.MoviesTests;
				PRODUCT_NAME = "$(TARGET_NAME)";
				SDKROOT = auto;
				SUPPORTED_PLATFORMS = "iphoneos iphonesimulator macosx xros xrsimulator";
				SWIFT_EMIT_LOC_STRINGS = NO;
				SWIFT_VERSION = 5.0;
				TARGETED_DEVICE_FAMILY = "1,2,7";
				TEST_HOST = "$(BUILT_PRODUCTS_DIR)/Movies.app/$(BUNDLE_EXECUTABLE_FOLDER_PATH)/Movies";
				XROS_DEPLOYMENT_TARGET = 2.5;
			};
			name = Release;
		};
		CE1FCDC12E7C440D00983989 /* Debug */ = {
			isa = XCBuildConfiguration;
			buildSettings = {
				CODE_SIGN_STYLE = Automatic;
				CURRENT_PROJECT_VERSION = 1;
				GENERATE_INFOPLIST_FILE = YES;
				IPHONEOS_DEPLOYMENT_TARGET = 18.5;
				MACOSX_DEPLOYMENT_TARGET = 15.5;
				MARKETING_VERSION = 1.0;
				PRODUCT_BUNDLE_IDENTIFIER = com.team.Movies.MoviesUITests;
				PRODUCT_NAME = "$(TARGET_NAME)";
				SDKROOT = auto;
				SUPPORTED_PLATFORMS = "iphoneos iphonesimulator macosx xros xrsimulator";
				SWIFT_EMIT_LOC_STRINGS = NO;
				SWIFT_VERSION = 5.0;
				TARGETED_DEVICE_FAMILY = "1,2,7";
				TEST_TARGET_NAME = Movies;
				XROS_DEPLOYMENT_TARGET = 2.5;
			};
			name = Debug;
		};
		CE1FCDC22E7C440D00983989 /* Release */ = {
			isa = XCBuildConfiguration;
			buildSettings = {
				CODE_SIGN_STYLE = Automatic;
				CURRENT_PROJECT_VERSION = 1;
				GENERATE_INFOPLIST_FILE = YES;
				IPHONEOS_DEPLOYMENT_TARGET = 18.5;
				MACOSX_DEPLOYMENT_TARGET = 15.5;
				MARKETING_VERSION = 1.0;
				PRODUCT_BUNDLE_IDENTIFIER = com.team.Movies.MoviesUITests;
				PRODUCT_NAME = "$(TARGET_NAME)";
				SDKROOT = auto;
				SUPPORTED_PLATFORMS = "iphoneos iphonesimulator macosx xros xrsimulator";
				SWIFT_EMIT_LOC_STRINGS = NO;
				SWIFT_VERSION = 5.0;
				TARGETED_DEVICE_FAMILY = "1,2,7";
				TEST_TARGET_NAME = Movies;
				XROS_DEPLOYMENT_TARGET = 2.5;
			};
			name = Release;
		};
/* End XCBuildConfiguration section */

/* Begin XCConfigurationList section */
		CE1FCD932E7C440B00983989 /* Build configuration list for PBXProject "Movies" */ = {
			isa = XCConfigurationList;
			buildConfigurations = (
				CE1FCDB82E7C440D00983989 /* Debug */,
				CE1FCDB92E7C440D00983989 /* Release */,
			);
			defaultConfigurationIsVisible = 0;
			defaultConfigurationName = Release;
		};
		CE1FCDBA2E7C440D00983989 /* Build configuration list for PBXNativeTarget "Movies" */ = {
			isa = XCConfigurationList;
			buildConfigurations = (
				CE1FCDBB2E7C440D00983989 /* Debug */,
				CE1FCDBC2E7C440D00983989 /* Release */,
			);
			defaultConfigurationIsVisible = 0;
			defaultConfigurationName = Release;
		};
		CE1FCDBD2E7C440D00983989 /* Build configuration list for PBXNativeTarget "MoviesTests" */ = {
			isa = XCConfigurationList;
			buildConfigurations = (
				CE1FCDBE2E7C440D00983989 /* Debug */,
				CE1FCDBF2E7C440D00983989 /* Release */,
			);
			defaultConfigurationIsVisible = 0;
			defaultConfigurationName = Release;
		};
		CE1FCDC02E7C440D00983989 /* Build configuration list for PBXNativeTarget "MoviesUITests" */ = {
			isa = XCConfigurationList;
			buildConfigurations = (
				CE1FCDC12E7C440D00983989 /* Debug */,
				CE1FCDC22E7C440D00983989 /* Release */,
			);
			defaultConfigurationIsVisible = 0;
			defaultConfigurationName = Release;
		};
/* End XCConfigurationList section */

/* Begin XCSwiftPackageProductDependency section */
		CE9918632E7C4755005ADD05 /* MoviesData */ = {
			isa = XCSwiftPackageProductDependency;
			productName = MoviesData;
		};
		CE9918652E7C4759005ADD05 /* MoviesDesignSystem */ = {
			isa = XCSwiftPackageProductDependency;
			productName = MoviesDesignSystem;
		};
		CE9918672E7C475C005ADD05 /* MoviesDetails */ = {
			isa = XCSwiftPackageProductDependency;
			productName = MoviesDetails;
		};
		CE9918692E7C476C005ADD05 /* MoviesDomain */ = {
			isa = XCSwiftPackageProductDependency;
			productName = MoviesDomain;
		};
		CE99186B2E7C476C005ADD05 /* MoviesFavorites */ = {
			isa = XCSwiftPackageProductDependency;
			productName = MoviesFavorites;
		};
		CE99186D2E7C476C005ADD05 /* MoviesHome */ = {
			isa = XCSwiftPackageProductDependency;
			productName = MoviesHome;
		};
		CE99186F2E7C476C005ADD05 /* MoviesNavigation */ = {
			isa = XCSwiftPackageProductDependency;
			productName = MoviesNavigation;
		};
		CE9918712E7C476C005ADD05 /* MoviesNetwork */ = {
			isa = XCSwiftPackageProductDependency;
			productName = MoviesNetwork;
		};
		CE9918732E7C476C005ADD05 /* MoviesSearch */ = {
			isa = XCSwiftPackageProductDependency;
			productName = MoviesSearch;
		};
		CE9918752E7C476C005ADD05 /* SharedModels */ = {
			isa = XCSwiftPackageProductDependency;
			productName = SharedModels;
		};
		CE9918772E7C476C005ADD05 /* AppLog */ = {
			isa = XCSwiftPackageProductDependency;
			productName = AppLog;
		};
		CE9918792E7C476C005ADD05 /* DateUtilities */ = {
			isa = XCSwiftPackageProductDependency;
			productName = DateUtilities;
		};
/* End XCSwiftPackageProductDependency section */
	};
	rootObject = CE1FCD902E7C440B00983989 /* Project object */;
}
